
Microsoft Visual Studio Solution File, Format Version 12.00
# Visual Studio 15
VisualStudioVersion = 15.0.26124.0
MinimumVisualStudioVersion = 15.0.26124.0
Project("{2150E333-8FDC-42A3-9474-1A3956D46DE8}") = "src", "src", "{4BFFDD3D-B336-4DA3-9BF0-89E7B037B49E}"
EndProject
Project("{FAE04EC0-301F-11D3-BF4B-00C04F79EFBC}") = "VotingApp.Api", "src\VotingApp.Api\VotingApp.Api.csproj", "{A70FC3CB-6C65-47A1-801B-894806A3B2D3}"
EndProject
Project("{FAE04EC0-301F-11D3-BF4B-00C04F79EFBC}") = "VotingApp.Client", "src\VotingApp.Client\VotingApp.Client.csproj", "{A928E820-1BE3-4E54-AD42-665A33D45DD9}"
EndProject
Project("{FAE04EC0-301F-11D3-BF4B-00C04F79EFBC}") = "VotingApp.Lib", "src\VotingApp.Lib\VotingApp.Lib.csproj", "{FDD164FE-1657-4BBB-A307-5E958C66E54E}"
EndProject
Project("{2150E333-8FDC-42A3-9474-1A3956D46DE8}") = "test", "test", "{A34AD709-5689-45B1-83BC-FDC92B0CE98B}"
EndProject
Project("{FAE04EC0-301F-11D3-BF4B-00C04F79EFBC}") = "VotingApp.Tests", "test\VotingApp.Tests\VotingApp.Tests.csproj", "{A4273DCC-C05C-4DED-A242-47C9D9F79B11}"
EndProject
Global
	GlobalSection(SolutionConfigurationPlatforms) = preSolution
		Debug|Any CPU = Debug|Any CPU
		Debug|x64 = Debug|x64
		Debug|x86 = Debug|x86
		Release|Any CPU = Release|Any CPU
		Release|x64 = Release|x64
		Release|x86 = Release|x86
	EndGlobalSection
	GlobalSection(SolutionProperties) = preSolution
		HideSolutionNode = FALSE
	EndGlobalSection
	GlobalSection(ProjectConfigurationPlatforms) = postSolution
		{A70FC3CB-6C65-47A1-801B-894806A3B2D3}.Debug|Any CPU.ActiveCfg = Debug|Any CPU
		{A70FC3CB-6C65-47A1-801B-894806A3B2D3}.Debug|Any CPU.Build.0 = Debug|Any CPU
		{A70FC3CB-6C65-47A1-801B-894806A3B2D3}.Debug|x64.ActiveCfg = Debug|x64
		{A70FC3CB-6C65-47A1-801B-894806A3B2D3}.Debug|x64.Build.0 = Debug|x64
		{A70FC3CB-6C65-47A1-801B-894806A3B2D3}.Debug|x86.ActiveCfg = Debug|x86
		{A70FC3CB-6C65-47A1-801B-894806A3B2D3}.Debug|x86.Build.0 = Debug|x86
		{A70FC3CB-6C65-47A1-801B-894806A3B2D3}.Release|Any CPU.ActiveCfg = Release|Any CPU
		{A70FC3CB-6C65-47A1-801B-894806A3B2D3}.Release|Any CPU.Build.0 = Release|Any CPU
		{A70FC3CB-6C65-47A1-801B-894806A3B2D3}.Release|x64.ActiveCfg = Release|x64
		{A70FC3CB-6C65-47A1-801B-894806A3B2D3}.Release|x64.Build.0 = Release|x64
		{A70FC3CB-6C65-47A1-801B-894806A3B2D3}.Release|x86.ActiveCfg = Release|x86
		{A70FC3CB-6C65-47A1-801B-894806A3B2D3}.Release|x86.Build.0 = Release|x86
		{A928E820-1BE3-4E54-AD42-665A33D45DD9}.Debug|Any CPU.ActiveCfg = Debug|Any CPU
		{A928E820-1BE3-4E54-AD42-665A33D45DD9}.Debug|Any CPU.Build.0 = Debug|Any CPU
		{A928E820-1BE3-4E54-AD42-665A33D45DD9}.Debug|x64.ActiveCfg = Debug|x64
		{A928E820-1BE3-4E54-AD42-665A33D45DD9}.Debug|x64.Build.0 = Debug|x64
		{A928E820-1BE3-4E54-AD42-665A33D45DD9}.Debug|x86.ActiveCfg = Debug|x86
		{A928E820-1BE3-4E54-AD42-665A33D45DD9}.Debug|x86.Build.0 = Debug|x86
		{A928E820-1BE3-4E54-AD42-665A33D45DD9}.Release|Any CPU.ActiveCfg = Release|Any CPU
		{A928E820-1BE3-4E54-AD42-665A33D45DD9}.Release|Any CPU.Build.0 = Release|Any CPU
		{A928E820-1BE3-4E54-AD42-665A33D45DD9}.Release|x64.ActiveCfg = Release|x64
		{A928E820-1BE3-4E54-AD42-665A33D45DD9}.Release|x64.Build.0 = Release|x64
		{A928E820-1BE3-4E54-AD42-665A33D45DD9}.Release|x86.ActiveCfg = Release|x86
		{A928E820-1BE3-4E54-AD42-665A33D45DD9}.Release|x86.Build.0 = Release|x86
		{FDD164FE-1657-4BBB-A307-5E958C66E54E}.Debug|Any CPU.ActiveCfg = Debug|Any CPU
		{FDD164FE-1657-4BBB-A307-5E958C66E54E}.Debug|Any CPU.Build.0 = Debug|Any CPU
		{FDD164FE-1657-4BBB-A307-5E958C66E54E}.Debug|x64.ActiveCfg = Debug|x64
		{FDD164FE-1657-4BBB-A307-5E958C66E54E}.Debug|x64.Build.0 = Debug|x64
		{FDD164FE-1657-4BBB-A307-5E958C66E54E}.Debug|x86.ActiveCfg = Debug|x86
		{FDD164FE-1657-4BBB-A307-5E958C66E54E}.Debug|x86.Build.0 = Debug|x86
		{FDD164FE-1657-4BBB-A307-5E958C66E54E}.Release|Any CPU.ActiveCfg = Release|Any CPU
		{FDD164FE-1657-4BBB-A307-5E958C66E54E}.Release|Any CPU.Build.0 = Release|Any CPU
		{FDD164FE-1657-4BBB-A307-5E958C66E54E}.Release|x64.ActiveCfg = Release|x64
		{FDD164FE-1657-4BBB-A307-5E958C66E54E}.Release|x64.Build.0 = Release|x64
		{FDD164FE-1657-4BBB-A307-5E958C66E54E}.Release|x86.ActiveCfg = Release|x86
		{FDD164FE-1657-4BBB-A307-5E958C66E54E}.Release|x86.Build.0 = Release|x86
		{A4273DCC-C05C-4DED-A242-47C9D9F79B11}.Debug|Any CPU.ActiveCfg = Debug|Any CPU
		{A4273DCC-C05C-4DED-A242-47C9D9F79B11}.Debug|Any CPU.Build.0 = Debug|Any CPU
		{A4273DCC-C05C-4DED-A242-47C9D9F79B11}.Debug|x64.ActiveCfg = Debug|x64
		{A4273DCC-C05C-4DED-A242-47C9D9F79B11}.Debug|x64.Build.0 = Debug|x64
		{A4273DCC-C05C-4DED-A242-47C9D9F79B11}.Debug|x86.ActiveCfg = Debug|x86
		{A4273DCC-C05C-4DED-A242-47C9D9F79B11}.Debug|x86.Build.0 = Debug|x86
		{A4273DCC-C05C-4DED-A242-47C9D9F79B11}.Release|Any CPU.ActiveCfg = Release|Any CPU
		{A4273DCC-C05C-4DED-A242-47C9D9F79B11}.Release|Any CPU.Build.0 = Release|Any CPU
		{A4273DCC-C05C-4DED-A242-47C9D9F79B11}.Release|x64.ActiveCfg = Release|x64
		{A4273DCC-C05C-4DED-A242-47C9D9F79B11}.Release|x64.Build.0 = Release|x64
		{A4273DCC-C05C-4DED-A242-47C9D9F79B11}.Release|x86.ActiveCfg = Release|x86
		{A4273DCC-C05C-4DED-A242-47C9D9F79B11}.Release|x86.Build.0 = Release|x86
	EndGlobalSection
	GlobalSection(NestedProjects) = preSolution
		{A70FC3CB-6C65-47A1-801B-894806A3B2D3} = {4BFFDD3D-B336-4DA3-9BF0-89E7B037B49E}
		{A928E820-1BE3-4E54-AD42-665A33D45DD9} = {4BFFDD3D-B336-4DA3-9BF0-89E7B037B49E}
		{FDD164FE-1657-4BBB-A307-5E958C66E54E} = {4BFFDD3D-B336-4DA3-9BF0-89E7B037B49E}
		{A4273DCC-C05C-4DED-A242-47C9D9F79B11} = {A34AD709-5689-45B1-83BC-FDC92B0CE98B}
	EndGlobalSection
EndGlobal
